
Microsoft Visual Studio Solution File, Format Version 12.00
# Visual Studio 14
VisualStudioVersion = 14.0.25420.1
MinimumVisualStudioVersion = 10.0.40219.1
Project("{FAE04EC0-301F-11D3-BF4B-00C04F79EFBC}") = "MasterDetail", "MasterDetail\MasterDetail.csproj", "{B1ADADDD-D651-45BC-853B-4373B802A6F2}"
EndProject
Project("{FAE04EC0-301F-11D3-BF4B-00C04F79EFBC}") = "MasterDetail.Core", "MasterDetail.Core\MasterDetail.Core.csproj", "{C1CE5455-5500-499E-BF3C-7C1E5D235A3C}"
EndProject
Project("{FAE04EC0-301F-11D3-BF4B-00C04F79EFBC}") = "MasterDetail.Tests", "MasterDetail.Tests\MasterDetail.Tests.csproj", "{90AA7A9C-F726-4845-AC68-8BF1C82E8183}"
EndProject
Project("{FAE04EC0-301F-11D3-BF4B-00C04F79EFBC}") = "MasterDetail.iOS", "MasterDetail.iOS\MasterDetail.iOS.csproj", "{0B656737-221F-463F-826C-DFDDDA87A781}"
EndProject
Global
	GlobalSection(SolutionConfigurationPlatforms) = preSolution
		Ad-Hoc|Any CPU = Ad-Hoc|Any CPU
		Ad-Hoc|iPhone = Ad-Hoc|iPhone
		Ad-Hoc|iPhoneSimulator = Ad-Hoc|iPhoneSimulator
		AppStore|Any CPU = AppStore|Any CPU
		AppStore|iPhone = AppStore|iPhone
		AppStore|iPhoneSimulator = AppStore|iPhoneSimulator
		Debug|Any CPU = Debug|Any CPU
		Debug|iPhone = Debug|iPhone
		Debug|iPhoneSimulator = Debug|iPhoneSimulator
		Release|Any CPU = Release|Any CPU
		Release|iPhone = Release|iPhone
		Release|iPhoneSimulator = Release|iPhoneSimulator
	EndGlobalSection
	GlobalSection(ProjectConfigurationPlatforms) = postSolution
		{B1ADADDD-D651-45BC-853B-4373B802A6F2}.Ad-Hoc|Any CPU.ActiveCfg = Release|Any CPU
		{B1ADADDD-D651-45BC-853B-4373B802A6F2}.Ad-Hoc|Any CPU.Build.0 = Release|Any CPU
		{B1ADADDD-D651-45BC-853B-4373B802A6F2}.Ad-Hoc|Any CPU.Deploy.0 = Release|Any CPU
		{B1ADADDD-D651-45BC-853B-4373B802A6F2}.Ad-Hoc|iPhone.ActiveCfg = Release|Any CPU
		{B1ADADDD-D651-45BC-853B-4373B802A6F2}.Ad-Hoc|iPhone.Build.0 = Release|Any CPU
		{B1ADADDD-D651-45BC-853B-4373B802A6F2}.Ad-Hoc|iPhone.Deploy.0 = Release|Any CPU
		{B1ADADDD-D651-45BC-853B-4373B802A6F2}.Ad-Hoc|iPhoneSimulator.ActiveCfg = Release|Any CPU
		{B1ADADDD-D651-45BC-853B-4373B802A6F2}.Ad-Hoc|iPhoneSimulator.Build.0 = Release|Any CPU
		{B1ADADDD-D651-45BC-853B-4373B802A6F2}.Ad-Hoc|iPhoneSimulator.Deploy.0 = Release|Any CPU
		{B1ADADDD-D651-45BC-853B-4373B802A6F2}.AppStore|Any CPU.ActiveCfg = Release|Any CPU
		{B1ADADDD-D651-45BC-853B-4373B802A6F2}.AppStore|Any CPU.Build.0 = Release|Any CPU
		{B1ADADDD-D651-45BC-853B-4373B802A6F2}.AppStore|Any CPU.Deploy.0 = Release|Any CPU
		{B1ADADDD-D651-45BC-853B-4373B802A6F2}.AppStore|iPhone.ActiveCfg = Release|Any CPU
		{B1ADADDD-D651-45BC-853B-4373B802A6F2}.AppStore|iPhone.Build.0 = Release|Any CPU
		{B1ADADDD-D651-45BC-853B-4373B802A6F2}.AppStore|iPhone.Deploy.0 = Release|Any CPU
		{B1ADADDD-D651-45BC-853B-4373B802A6F2}.AppStore|iPhoneSimulator.ActiveCfg = Release|Any CPU
		{B1ADADDD-D651-45BC-853B-4373B802A6F2}.AppStore|iPhoneSimulator.Build.0 = Release|Any CPU
		{B1ADADDD-D651-45BC-853B-4373B802A6F2}.AppStore|iPhoneSimulator.Deploy.0 = Release|Any CPU
		{B1ADADDD-D651-45BC-853B-4373B802A6F2}.Debug|Any CPU.ActiveCfg = Debug|Any CPU
		{B1ADADDD-D651-45BC-853B-4373B802A6F2}.Debug|Any CPU.Build.0 = Debug|Any CPU
		{B1ADADDD-D651-45BC-853B-4373B802A6F2}.Debug|Any CPU.Deploy.0 = Debug|Any CPU
		{B1ADADDD-D651-45BC-853B-4373B802A6F2}.Debug|iPhone.ActiveCfg = Debug|Any CPU
		{B1ADADDD-D651-45BC-853B-4373B802A6F2}.Debug|iPhone.Build.0 = Debug|Any CPU
		{B1ADADDD-D651-45BC-853B-4373B802A6F2}.Debug|iPhone.Deploy.0 = Debug|Any CPU
		{B1ADADDD-D651-45BC-853B-4373B802A6F2}.Debug|iPhoneSimulator.ActiveCfg = Debug|Any CPU
		{B1ADADDD-D651-45BC-853B-4373B802A6F2}.Debug|iPhoneSimulator.Build.0 = Debug|Any CPU
		{B1ADADDD-D651-45BC-853B-4373B802A6F2}.Debug|iPhoneSimulator.Deploy.0 = Debug|Any CPU
		{B1ADADDD-D651-45BC-853B-4373B802A6F2}.Release|Any CPU.ActiveCfg = Release|Any CPU
		{B1ADADDD-D651-45BC-853B-4373B802A6F2}.Release|Any CPU.Build.0 = Release|Any CPU
		{B1ADADDD-D651-45BC-853B-4373B802A6F2}.Release|Any CPU.Deploy.0 = Release|Any CPU
		{B1ADADDD-D651-45BC-853B-4373B802A6F2}.Release|iPhone.ActiveCfg = Release|Any CPU
		{B1ADADDD-D651-45BC-853B-4373B802A6F2}.Release|iPhone.Build.0 = Release|Any CPU
		{B1ADADDD-D651-45BC-853B-4373B802A6F2}.Release|iPhone.Deploy.0 = Release|Any CPU
		{B1ADADDD-D651-45BC-853B-4373B802A6F2}.Release|iPhoneSimulator.ActiveCfg = Release|Any CPU
		{B1ADADDD-D651-45BC-853B-4373B802A6F2}.Release|iPhoneSimulator.Build.0 = Release|Any CPU
		{B1ADADDD-D651-45BC-853B-4373B802A6F2}.Release|iPhoneSimulator.Deploy.0 = Release|Any CPU
		{C1CE5455-5500-499E-BF3C-7C1E5D235A3C}.Ad-Hoc|Any CPU.ActiveCfg = Release|Any CPU
		{C1CE5455-5500-499E-BF3C-7C1E5D235A3C}.Ad-Hoc|Any CPU.Build.0 = Release|Any CPU
		{C1CE5455-5500-499E-BF3C-7C1E5D235A3C}.Ad-Hoc|iPhone.ActiveCfg = Release|Any CPU
		{C1CE5455-5500-499E-BF3C-7C1E5D235A3C}.Ad-Hoc|iPhone.Build.0 = Release|Any CPU
		{C1CE5455-5500-499E-BF3C-7C1E5D235A3C}.Ad-Hoc|iPhoneSimulator.ActiveCfg = Release|Any CPU
		{C1CE5455-5500-499E-BF3C-7C1E5D235A3C}.Ad-Hoc|iPhoneSimulator.Build.0 = Release|Any CPU
		{C1CE5455-5500-499E-BF3C-7C1E5D235A3C}.AppStore|Any CPU.ActiveCfg = Release|Any CPU
		{C1CE5455-5500-499E-BF3C-7C1E5D235A3C}.AppStore|Any CPU.Build.0 = Release|Any CPU
		{C1CE5455-5500-499E-BF3C-7C1E5D235A3C}.AppStore|iPhone.ActiveCfg = Release|Any CPU
		{C1CE5455-5500-499E-BF3C-7C1E5D235A3C}.AppStore|iPhone.Build.0 = Release|Any CPU
		{C1CE5455-5500-499E-BF3C-7C1E5D235A3C}.AppStore|iPhoneSimulator.ActiveCfg = Release|Any CPU
		{C1CE5455-5500-499E-BF3C-7C1E5D235A3C}.AppStore|iPhoneSimulator.Build.0 = Release|Any CPU
		{C1CE5455-5500-499E-BF3C-7C1E5D235A3C}.Debug|Any CPU.ActiveCfg = Debug|Any CPU
		{C1CE5455-5500-499E-BF3C-7C1E5D235A3C}.Debug|Any CPU.Build.0 = Debug|Any CPU
		{C1CE5455-5500-499E-BF3C-7C1E5D235A3C}.Debug|iPhone.ActiveCfg = Debug|Any CPU
		{C1CE5455-5500-499E-BF3C-7C1E5D235A3C}.Debug|iPhone.Build.0 = Debug|Any CPU
		{C1CE5455-5500-499E-BF3C-7C1E5D235A3C}.Debug|iPhoneSimulator.ActiveCfg = Debug|Any CPU
		{C1CE5455-5500-499E-BF3C-7C1E5D235A3C}.Debug|iPhoneSimulator.Build.0 = Debug|Any CPU
		{C1CE5455-5500-499E-BF3C-7C1E5D235A3C}.Release|Any CPU.ActiveCfg = Release|Any CPU
		{C1CE5455-5500-499E-BF3C-7C1E5D235A3C}.Release|Any CPU.Build.0 = Release|Any CPU
		{C1CE5455-5500-499E-BF3C-7C1E5D235A3C}.Release|iPhone.ActiveCfg = Release|Any CPU
		{C1CE5455-5500-499E-BF3C-7C1E5D235A3C}.Release|iPhone.Build.0 = Release|Any CPU
		{C1CE5455-5500-499E-BF3C-7C1E5D235A3C}.Release|iPhoneSimulator.ActiveCfg = Release|Any CPU
		{C1CE5455-5500-499E-BF3C-7C1E5D235A3C}.Release|iPhoneSimulator.Build.0 = Release|Any CPU
		{90AA7A9C-F726-4845-AC68-8BF1C82E8183}.Ad-Hoc|Any CPU.ActiveCfg = Release|Any CPU
		{90AA7A9C-F726-4845-AC68-8BF1C82E8183}.Ad-Hoc|Any CPU.Build.0 = Release|Any CPU
		{90AA7A9C-F726-4845-AC68-8BF1C82E8183}.Ad-Hoc|iPhone.ActiveCfg = Release|Any CPU
		{90AA7A9C-F726-4845-AC68-8BF1C82E8183}.Ad-Hoc|iPhone.Build.0 = Release|Any CPU
		{90AA7A9C-F726-4845-AC68-8BF1C82E8183}.Ad-Hoc|iPhoneSimulator.ActiveCfg = Release|Any CPU
		{90AA7A9C-F726-4845-AC68-8BF1C82E8183}.Ad-Hoc|iPhoneSimulator.Build.0 = Release|Any CPU
		{90AA7A9C-F726-4845-AC68-8BF1C82E8183}.AppStore|Any CPU.ActiveCfg = Release|Any CPU
		{90AA7A9C-F726-4845-AC68-8BF1C82E8183}.AppStore|Any CPU.Build.0 = Release|Any CPU
		{90AA7A9C-F726-4845-AC68-8BF1C82E8183}.AppStore|iPhone.ActiveCfg = Release|Any CPU
		{90AA7A9C-F726-4845-AC68-8BF1C82E8183}.AppStore|iPhone.Build.0 = Release|Any CPU
		{90AA7A9C-F726-4845-AC68-8BF1C82E8183}.AppStore|iPhoneSimulator.ActiveCfg = Release|Any CPU
		{90AA7A9C-F726-4845-AC68-8BF1C82E8183}.AppStore|iPhoneSimulator.Build.0 = Release|Any CPU
		{90AA7A9C-F726-4845-AC68-8BF1C82E8183}.Debug|Any CPU.ActiveCfg = Debug|Any CPU
		{90AA7A9C-F726-4845-AC68-8BF1C82E8183}.Debug|Any CPU.Build.0 = Debug|Any CPU
		{90AA7A9C-F726-4845-AC68-8BF1C82E8183}.Debug|iPhone.ActiveCfg = Debug|Any CPU
		{90AA7A9C-F726-4845-AC68-8BF1C82E8183}.Debug|iPhone.Build.0 = Debug|Any CPU
		{90AA7A9C-F726-4845-AC68-8BF1C82E8183}.Debug|iPhoneSimulator.ActiveCfg = Debug|Any CPU
		{90AA7A9C-F726-4845-AC68-8BF1C82E8183}.Debug|iPhoneSimulator.Build.0 = Debug|Any CPU
		{90AA7A9C-F726-4845-AC68-8BF1C82E8183}.Release|Any CPU.ActiveCfg = Release|Any CPU
		{90AA7A9C-F726-4845-AC68-8BF1C82E8183}.Release|Any CPU.Build.0 = Release|Any CPU
		{90AA7A9C-F726-4845-AC68-8BF1C82E8183}.Release|iPhone.ActiveCfg = Release|Any CPU
		{90AA7A9C-F726-4845-AC68-8BF1C82E8183}.Release|iPhone.Build.0 = Release|Any CPU
		{90AA7A9C-F726-4845-AC68-8BF1C82E8183}.Release|iPhoneSimulator.ActiveCfg = Release|Any CPU
		{90AA7A9C-F726-4845-AC68-8BF1C82E8183}.Release|iPhoneSimulator.Build.0 = Release|Any CPU
		{0B656737-221F-463F-826C-DFDDDA87A781}.Ad-Hoc|Any CPU.ActiveCfg = Ad-Hoc|iPhone
		{0B656737-221F-463F-826C-DFDDDA87A781}.Ad-Hoc|iPhone.ActiveCfg = Ad-Hoc|iPhone
		{0B656737-221F-463F-826C-DFDDDA87A781}.Ad-Hoc|iPhone.Build.0 = Ad-Hoc|iPhone
		{0B656737-221F-463F-826C-DFDDDA87A781}.Ad-Hoc|iPhoneSimulator.ActiveCfg = Ad-Hoc|iPhoneSimulator
		{0B656737-221F-463F-826C-DFDDDA87A781}.Ad-Hoc|iPhoneSimulator.Build.0 = Ad-Hoc|iPhoneSimulator
		{0B656737-221F-463F-826C-DFDDDA87A781}.AppStore|Any CPU.ActiveCfg = AppStore|iPhone
		{0B656737-221F-463F-826C-DFDDDA87A781}.AppStore|iPhone.ActiveCfg = AppStore|iPhone
		{0B656737-221F-463F-826C-DFDDDA87A781}.AppStore|iPhone.Build.0 = AppStore|iPhone
		{0B656737-221F-463F-826C-DFDDDA87A781}.AppStore|iPhoneSimulator.ActiveCfg = AppStore|iPhoneSimulator
		{0B656737-221F-463F-826C-DFDDDA87A781}.AppStore|iPhoneSimulator.Build.0 = AppStore|iPhoneSimulator
		{0B656737-221F-463F-826C-DFDDDA87A781}.Debug|Any CPU.ActiveCfg = Debug|iPhone
		{0B656737-221F-463F-826C-DFDDDA87A781}.Debug|iPhone.ActiveCfg = Debug|iPhone
		{0B656737-221F-463F-826C-DFDDDA87A781}.Debug|iPhone.Build.0 = Debug|iPhone
		{0B656737-221F-463F-826C-DFDDDA87A781}.Debug|iPhoneSimulator.ActiveCfg = Debug|iPhoneSimulator
		{0B656737-221F-463F-826C-DFDDDA87A781}.Debug|iPhoneSimulator.Build.0 = Debug|iPhoneSimulator
		{0B656737-221F-463F-826C-DFDDDA87A781}.Release|Any CPU.ActiveCfg = Release|iPhone
		{0B656737-221F-463F-826C-DFDDDA87A781}.Release|iPhone.ActiveCfg = Release|iPhone
		{0B656737-221F-463F-826C-DFDDDA87A781}.Release|iPhone.Build.0 = Release|iPhone
		{0B656737-221F-463F-826C-DFDDDA87A781}.Release|iPhoneSimulator.ActiveCfg = Release|iPhoneSimulator
		{0B656737-221F-463F-826C-DFDDDA87A781}.Release|iPhoneSimulator.Build.0 = Release|iPhoneSimulator
	EndGlobalSection
	GlobalSection(SolutionProperties) = preSolution
		HideSolutionNode = FALSE
	EndGlobalSection
EndGlobal
